// !$*UTF8*$!
{
	archiveVersion = 1;
	classes = {
	};
	objectVersion = 50;
	objects = {

/* Begin PBXBuildFile section */
		20133AE3225E98400063C33F /* OnBoarding.storyboard in Resources */ = {isa = PBXBuildFile; fileRef = 20133AE2225E98400063C33F /* OnBoarding.storyboard */; };
		20133AE5225E9C020063C33F /* RoundButton.swift in Sources */ = {isa = PBXBuildFile; fileRef = 20133AE4225E9C020063C33F /* RoundButton.swift */; };
		207B21322270E30E00E32B9B /* GoogleService-Info.plist in Resources */ = {isa = PBXBuildFile; fileRef = 207B21312270E30E00E32B9B /* GoogleService-Info.plist */; };
		207B21392270E7F800E32B9B /* UserManager.swift in Sources */ = {isa = PBXBuildFile; fileRef = 207B21382270E7F800E32B9B /* UserManager.swift */; };
		207B213D227113EA00E32B9B /* DatabaseRepresentation.swift in Sources */ = {isa = PBXBuildFile; fileRef = 207B213C227113EA00E32B9B /* DatabaseRepresentation.swift */; };
		207B213F22711F0200E32B9B /* DatabaseReference.swift in Sources */ = {isa = PBXBuildFile; fileRef = 207B213E22711F0200E32B9B /* DatabaseReference.swift */; };
		208053A5227239B10087B947 /* Card.swift in Sources */ = {isa = PBXBuildFile; fileRef = 208053A4227239B10087B947 /* Card.swift */; };
		208053A7227242D00087B947 /* CardManager.swift in Sources */ = {isa = PBXBuildFile; fileRef = 208053A6227242D00087B947 /* CardManager.swift */; };
		2098A3B8224C21C400293346 /* MainViewController.swift in Sources */ = {isa = PBXBuildFile; fileRef = 2098A3B7224C21C400293346 /* MainViewController.swift */; };
		2098A3BA224C230C00293346 /* LoginViewController.swift in Sources */ = {isa = PBXBuildFile; fileRef = 2098A3B9224C230C00293346 /* LoginViewController.swift */; };
		20D604312273AAE600F4CC52 /* Profile.storyboard in Resources */ = {isa = PBXBuildFile; fileRef = 20D604302273AAE600F4CC52 /* Profile.storyboard */; };
		20D604372273B11300F4CC52 /* AccountViewController.swift in Sources */ = {isa = PBXBuildFile; fileRef = 20D604362273B11300F4CC52 /* AccountViewController.swift */; };
		20F5D259224C199200C2533C /* AppDelegate.swift in Sources */ = {isa = PBXBuildFile; fileRef = 20F5D258224C199200C2533C /* AppDelegate.swift */; };
		20F5D25B224C199200C2533C /* ViewController.swift in Sources */ = {isa = PBXBuildFile; fileRef = 20F5D25A224C199200C2533C /* ViewController.swift */; };
		20F5D25E224C199200C2533C /* Main.storyboard in Resources */ = {isa = PBXBuildFile; fileRef = 20F5D25C224C199200C2533C /* Main.storyboard */; };
		20F5D260224C199400C2533C /* Assets.xcassets in Resources */ = {isa = PBXBuildFile; fileRef = 20F5D25F224C199400C2533C /* Assets.xcassets */; };
		20F5D263224C199400C2533C /* LaunchScreen.storyboard in Resources */ = {isa = PBXBuildFile; fileRef = 20F5D261224C199400C2533C /* LaunchScreen.storyboard */; };
		20F5D26B224C1F6900C2533C /* User.swift in Sources */ = {isa = PBXBuildFile; fileRef = 20F5D26A224C1F6900C2533C /* User.swift */; };
		3DCE5EF8D1AE9AB249F2E299 /* Pods_MoneyTogether.framework in Frameworks */ = {isa = PBXBuildFile; fileRef = F1B561CE4CBFA5489C599826 /* Pods_MoneyTogether.framework */; };
		B43828632271218500B42F53 /* CollectionViewCellActiveLoans.swift in Sources */ = {isa = PBXBuildFile; fileRef = B43828622271218500B42F53 /* CollectionViewCellActiveLoans.swift */; };
		B4382865227122D300B42F53 /* ActiveLoansController.swift in Sources */ = {isa = PBXBuildFile; fileRef = B4382864227122D300B42F53 /* ActiveLoansController.swift */; };
		DA18B3782273B2BA00972354 /* SignInViewController.swift in Sources */ = {isa = PBXBuildFile; fileRef = DA18B3772273B2BA00972354 /* SignInViewController.swift */; };
		B46C7D4A2273CA85003CC750 /* Loan.swift in Sources */ = {isa = PBXBuildFile; fileRef = B46C7D492273CA85003CC750 /* Loan.swift */; };
		B46C7D4C22751DC6003CC750 /* Payment.swift in Sources */ = {isa = PBXBuildFile; fileRef = B46C7D4B22751DC6003CC750 /* Payment.swift */; };
		DA449D60224C2E47006D61DF /* Montserrat-Regular.ttf in Resources */ = {isa = PBXBuildFile; fileRef = DA449D5F224C2E47006D61DF /* Montserrat-Regular.ttf */; };
		DA449D62224C2E76006D61DF /* Montserrat-Medium.ttf in Resources */ = {isa = PBXBuildFile; fileRef = DA449D61224C2E76006D61DF /* Montserrat-Medium.ttf */; };
		DA449D64224C2E86006D61DF /* Montserrat-SemiBold.ttf in Resources */ = {isa = PBXBuildFile; fileRef = DA449D63224C2E86006D61DF /* Montserrat-SemiBold.ttf */; };
		DA449D66224C2E97006D61DF /* Montserrat-Bold.ttf in Resources */ = {isa = PBXBuildFile; fileRef = DA449D65224C2E97006D61DF /* Montserrat-Bold.ttf */; };
/* End PBXBuildFile section */

/* Begin PBXFileReference section */
		20133AE2225E98400063C33F /* OnBoarding.storyboard */ = {isa = PBXFileReference; lastKnownFileType = file.storyboard; path = OnBoarding.storyboard; sourceTree = "<group>"; };
		20133AE4225E9C020063C33F /* RoundButton.swift */ = {isa = PBXFileReference; lastKnownFileType = sourcecode.swift; path = RoundButton.swift; sourceTree = "<group>"; };
		207B21312270E30E00E32B9B /* GoogleService-Info.plist */ = {isa = PBXFileReference; fileEncoding = 4; lastKnownFileType = text.plist.xml; path = "GoogleService-Info.plist"; sourceTree = SOURCE_ROOT; };
		207B21382270E7F800E32B9B /* UserManager.swift */ = {isa = PBXFileReference; lastKnownFileType = sourcecode.swift; path = UserManager.swift; sourceTree = "<group>"; };
		207B213C227113EA00E32B9B /* DatabaseRepresentation.swift */ = {isa = PBXFileReference; lastKnownFileType = sourcecode.swift; path = DatabaseRepresentation.swift; sourceTree = "<group>"; };
		207B213E22711F0200E32B9B /* DatabaseReference.swift */ = {isa = PBXFileReference; lastKnownFileType = sourcecode.swift; path = DatabaseReference.swift; sourceTree = "<group>"; };
		208053A4227239B10087B947 /* Card.swift */ = {isa = PBXFileReference; lastKnownFileType = sourcecode.swift; path = Card.swift; sourceTree = "<group>"; };
		208053A6227242D00087B947 /* CardManager.swift */ = {isa = PBXFileReference; lastKnownFileType = sourcecode.swift; path = CardManager.swift; sourceTree = "<group>"; };
		2098A3B7224C21C400293346 /* MainViewController.swift */ = {isa = PBXFileReference; lastKnownFileType = sourcecode.swift; path = MainViewController.swift; sourceTree = "<group>"; };
		2098A3B9224C230C00293346 /* LoginViewController.swift */ = {isa = PBXFileReference; lastKnownFileType = sourcecode.swift; path = LoginViewController.swift; sourceTree = "<group>"; };
		20D604302273AAE600F4CC52 /* Profile.storyboard */ = {isa = PBXFileReference; lastKnownFileType = file.storyboard; path = Profile.storyboard; sourceTree = "<group>"; };
		20D604362273B11300F4CC52 /* AccountViewController.swift */ = {isa = PBXFileReference; lastKnownFileType = sourcecode.swift; path = AccountViewController.swift; sourceTree = "<group>"; };
		20F5D255224C199200C2533C /* MoneyTogether.app */ = {isa = PBXFileReference; explicitFileType = wrapper.application; includeInIndex = 0; path = MoneyTogether.app; sourceTree = BUILT_PRODUCTS_DIR; };
		20F5D258224C199200C2533C /* AppDelegate.swift */ = {isa = PBXFileReference; lastKnownFileType = sourcecode.swift; path = AppDelegate.swift; sourceTree = "<group>"; };
		20F5D25A224C199200C2533C /* ViewController.swift */ = {isa = PBXFileReference; lastKnownFileType = sourcecode.swift; path = ViewController.swift; sourceTree = "<group>"; };
		20F5D25D224C199200C2533C /* Base */ = {isa = PBXFileReference; lastKnownFileType = file.storyboard; name = Base; path = Base.lproj/Main.storyboard; sourceTree = "<group>"; };
		20F5D25F224C199400C2533C /* Assets.xcassets */ = {isa = PBXFileReference; lastKnownFileType = folder.assetcatalog; path = Assets.xcassets; sourceTree = "<group>"; };
		20F5D262224C199400C2533C /* Base */ = {isa = PBXFileReference; lastKnownFileType = file.storyboard; name = Base; path = Base.lproj/LaunchScreen.storyboard; sourceTree = "<group>"; };
		20F5D264224C199400C2533C /* Info.plist */ = {isa = PBXFileReference; lastKnownFileType = text.plist.xml; path = Info.plist; sourceTree = "<group>"; };
		20F5D26A224C1F6900C2533C /* User.swift */ = {isa = PBXFileReference; lastKnownFileType = sourcecode.swift; path = User.swift; sourceTree = "<group>"; };
		38B671549435A84B060CA188 /* Pods-MoneyTogether.release.xcconfig */ = {isa = PBXFileReference; includeInIndex = 1; lastKnownFileType = text.xcconfig; name = "Pods-MoneyTogether.release.xcconfig"; path = "Target Support Files/Pods-MoneyTogether/Pods-MoneyTogether.release.xcconfig"; sourceTree = "<group>"; };
		3BBBFB1ACB6A21287E1139CC /* Pods-MoneyTogether.debug.xcconfig */ = {isa = PBXFileReference; includeInIndex = 1; lastKnownFileType = text.xcconfig; name = "Pods-MoneyTogether.debug.xcconfig"; path = "Target Support Files/Pods-MoneyTogether/Pods-MoneyTogether.debug.xcconfig"; sourceTree = "<group>"; };
		B43828622271218500B42F53 /* CollectionViewCellActiveLoans.swift */ = {isa = PBXFileReference; lastKnownFileType = sourcecode.swift; path = CollectionViewCellActiveLoans.swift; sourceTree = "<group>"; };
		B4382864227122D300B42F53 /* ActiveLoansController.swift */ = {isa = PBXFileReference; lastKnownFileType = sourcecode.swift; path = ActiveLoansController.swift; sourceTree = "<group>"; };
		DA18B3772273B2BA00972354 /* SignInViewController.swift */ = {isa = PBXFileReference; lastKnownFileType = sourcecode.swift; path = SignInViewController.swift; sourceTree = "<group>"; };
		B46C7D492273CA85003CC750 /* Loan.swift */ = {isa = PBXFileReference; lastKnownFileType = sourcecode.swift; path = Loan.swift; sourceTree = "<group>"; };
		B46C7D4B22751DC6003CC750 /* Payment.swift */ = {isa = PBXFileReference; lastKnownFileType = sourcecode.swift; path = Payment.swift; sourceTree = "<group>"; };
		DA449D5F224C2E47006D61DF /* Montserrat-Regular.ttf */ = {isa = PBXFileReference; lastKnownFileType = file; path = "Montserrat-Regular.ttf"; sourceTree = "<group>"; };
		DA449D61224C2E76006D61DF /* Montserrat-Medium.ttf */ = {isa = PBXFileReference; lastKnownFileType = file; path = "Montserrat-Medium.ttf"; sourceTree = "<group>"; };
		DA449D63224C2E86006D61DF /* Montserrat-SemiBold.ttf */ = {isa = PBXFileReference; lastKnownFileType = file; path = "Montserrat-SemiBold.ttf"; sourceTree = "<group>"; };
		DA449D65224C2E97006D61DF /* Montserrat-Bold.ttf */ = {isa = PBXFileReference; lastKnownFileType = file; path = "Montserrat-Bold.ttf"; sourceTree = "<group>"; };
		F1B561CE4CBFA5489C599826 /* Pods_MoneyTogether.framework */ = {isa = PBXFileReference; explicitFileType = wrapper.framework; includeInIndex = 0; path = Pods_MoneyTogether.framework; sourceTree = BUILT_PRODUCTS_DIR; };
/* End PBXFileReference section */

/* Begin PBXFrameworksBuildPhase section */
		20F5D252224C199200C2533C /* Frameworks */ = {
			isa = PBXFrameworksBuildPhase;
			buildActionMask = 2147483647;
			files = (
				3DCE5EF8D1AE9AB249F2E299 /* Pods_MoneyTogether.framework in Frameworks */,
			);
			runOnlyForDeploymentPostprocessing = 0;
		};
/* End PBXFrameworksBuildPhase section */

/* Begin PBXGroup section */
		20133AE6225E9C080063C33F /* Custom Elements */ = {
			isa = PBXGroup;
			children = (
				20133AE4225E9C020063C33F /* RoundButton.swift */,
			);
			path = "Custom Elements";
			sourceTree = "<group>";
		};
		206F5FB32270DAE40002A2DE /* Supporting Files */ = {
			isa = PBXGroup;
			children = (
				20F5D258224C199200C2533C /* AppDelegate.swift */,
				20F5D25F224C199400C2533C /* Assets.xcassets */,
				20F5D261224C199400C2533C /* LaunchScreen.storyboard */,
			);
			path = "Supporting Files";
			sourceTree = "<group>";
		};
		206F5FB52270DBA70002A2DE /* OnBoarding */ = {
			isa = PBXGroup;
			children = (
				207B21342270E7B600E32B9B /* Model */,
				207B21352270E7BC00E32B9B /* View */,
				207B21372270E7D000E32B9B /* Controller */,
			);
			path = OnBoarding;
			sourceTree = "<group>";
		};
		207B21332270E79300E32B9B /* FirebaseAPI */ = {
			isa = PBXGroup;
			children = (
				207B213E22711F0200E32B9B /* DatabaseReference.swift */,
				207B21382270E7F800E32B9B /* UserManager.swift */,
				208053A6227242D00087B947 /* CardManager.swift */,
			);
			path = FirebaseAPI;
			sourceTree = "<group>";
		};
		207B21342270E7B600E32B9B /* Model */ = {
			isa = PBXGroup;
			children = (
				20F5D26A224C1F6900C2533C /* User.swift */,
			);
			path = Model;
			sourceTree = "<group>";
		};
		207B21352270E7BC00E32B9B /* View */ = {
			isa = PBXGroup;
			children = (
				20133AE2225E98400063C33F /* OnBoarding.storyboard */,
			);
			path = View;
			sourceTree = "<group>";
		};
		207B21372270E7D000E32B9B /* Controller */ = {
			isa = PBXGroup;
			children = (
				2098A3B9224C230C00293346 /* LoginViewController.swift */,
				DA18B3772273B2BA00972354 /* SignInViewController.swift */,
			);
			path = Controller;
			sourceTree = "<group>";
		};
		208053A3227239980087B947 /* Model */ = {
			isa = PBXGroup;
			children = (
				207B213C227113EA00E32B9B /* DatabaseRepresentation.swift */,
				208053A4227239B10087B947 /* Card.swift */,
			);
			path = Model;
			sourceTree = "<group>";
		};
		20D604322273AB2C00F4CC52 /* View */ = {
			isa = PBXGroup;
			children = (
				20D604302273AAE600F4CC52 /* Profile.storyboard */,
			);
			path = View;
			sourceTree = "<group>";
		};
		20D604332273AB3400F4CC52 /* Settings */ = {
			isa = PBXGroup;
			children = (
				20D604342273AC5C00F4CC52 /* Model */,
				20D604352273B0AA00F4CC52 /* Controller */,
				20D604322273AB2C00F4CC52 /* View */,
			);
			path = Settings;
			sourceTree = "<group>";
		};
		20D604342273AC5C00F4CC52 /* Model */ = {
			isa = PBXGroup;
			children = (
			);
			path = Model;
			sourceTree = "<group>";
		};
		20D604352273B0AA00F4CC52 /* Controller */ = {
			isa = PBXGroup;
			children = (
				20D604362273B11300F4CC52 /* AccountViewController.swift */,
			);
			path = Controller;
			sourceTree = "<group>";
		};
		20F5D24C224C199200C2533C = {
			isa = PBXGroup;
			children = (
				20F5D257224C199200C2533C /* MoneyTogether */,
				20F5D256224C199200C2533C /* Products */,
				7849ECE784FB0D0D2229E225 /* Pods */,
				F12E96DE56C144FD17D2037B /* Frameworks */,
			);
			sourceTree = "<group>";
		};
		20F5D256224C199200C2533C /* Products */ = {
			isa = PBXGroup;
			children = (
				20F5D255224C199200C2533C /* MoneyTogether.app */,
			);
			name = Products;
			sourceTree = "<group>";
		};
		20F5D257224C199200C2533C /* MoneyTogether */ = {
			isa = PBXGroup;
			children = (
				208053A3227239980087B947 /* Model */,
				B4382866227122DD00B42F53 /* Active Loans */,
				206F5FB52270DBA70002A2DE /* OnBoarding */,
				20D604332273AB3400F4CC52 /* Settings */,
				20F5D25A224C199200C2533C /* ViewController.swift */,
				2098A3B7224C21C400293346 /* MainViewController.swift */,
				20F5D25C224C199200C2533C /* Main.storyboard */,
				207B21332270E79300E32B9B /* FirebaseAPI */,
				206F5FB32270DAE40002A2DE /* Supporting Files */,
				207B21312270E30E00E32B9B /* GoogleService-Info.plist */,
				20F5D264224C199400C2533C /* Info.plist */,
				DA449D5D224C2DB9006D61DF /* Fonts */,
				20133AE6225E9C080063C33F /* Custom Elements */,
			);
			path = MoneyTogether;
			sourceTree = "<group>";
		};
		7849ECE784FB0D0D2229E225 /* Pods */ = {
			isa = PBXGroup;
			children = (
				3BBBFB1ACB6A21287E1139CC /* Pods-MoneyTogether.debug.xcconfig */,
				38B671549435A84B060CA188 /* Pods-MoneyTogether.release.xcconfig */,
			);
			path = Pods;
			sourceTree = "<group>";
		};
		B4382866227122DD00B42F53 /* Active Loans */ = {
			isa = PBXGroup;
			children = (
				B4382864227122D300B42F53 /* ActiveLoansController.swift */,
				B43828622271218500B42F53 /* CollectionViewCellActiveLoans.swift */,
				B46C7D492273CA85003CC750 /* Loan.swift */,
				B46C7D4B22751DC6003CC750 /* Payment.swift */,
			);
			path = "Active Loans";
			sourceTree = "<group>";
		};
		DA449D5D224C2DB9006D61DF /* Fonts */ = {
			isa = PBXGroup;
			children = (
				DA449D5E224C2DC2006D61DF /* Montserrat */,
			);
			path = Fonts;
			sourceTree = "<group>";
		};
		DA449D5E224C2DC2006D61DF /* Montserrat */ = {
			isa = PBXGroup;
			children = (
				DA449D5F224C2E47006D61DF /* Montserrat-Regular.ttf */,
				DA449D61224C2E76006D61DF /* Montserrat-Medium.ttf */,
				DA449D63224C2E86006D61DF /* Montserrat-SemiBold.ttf */,
				DA449D65224C2E97006D61DF /* Montserrat-Bold.ttf */,
			);
			name = Montserrat;
			sourceTree = "<group>";
		};
		F12E96DE56C144FD17D2037B /* Frameworks */ = {
			isa = PBXGroup;
			children = (
				F1B561CE4CBFA5489C599826 /* Pods_MoneyTogether.framework */,
			);
			name = Frameworks;
			sourceTree = "<group>";
		};
/* End PBXGroup section */

/* Begin PBXNativeTarget section */
		20F5D254224C199200C2533C /* MoneyTogether */ = {
			isa = PBXNativeTarget;
			buildConfigurationList = 20F5D267224C199400C2533C /* Build configuration list for PBXNativeTarget "MoneyTogether" */;
			buildPhases = (
				CA9B851085F89C43F7126F66 /* [CP] Check Pods Manifest.lock */,
				20F5D251224C199200C2533C /* Sources */,
				20F5D252224C199200C2533C /* Frameworks */,
				20F5D253224C199200C2533C /* Resources */,
				F437559208FAF0059D7648A5 /* [CP] Embed Pods Frameworks */,
			);
			buildRules = (
			);
			dependencies = (
			);
			name = MoneyTogether;
			productName = MoneyTogether;
			productReference = 20F5D255224C199200C2533C /* MoneyTogether.app */;
			productType = "com.apple.product-type.application";
		};
/* End PBXNativeTarget section */

/* Begin PBXProject section */
		20F5D24D224C199200C2533C /* Project object */ = {
			isa = PBXProject;
			attributes = {
				LastSwiftUpdateCheck = 1010;
				LastUpgradeCheck = 1010;
				ORGANIZATIONNAME = pastdue;
				TargetAttributes = {
					20F5D254224C199200C2533C = {
						CreatedOnToolsVersion = 10.1;
					};
				};
			};
			buildConfigurationList = 20F5D250224C199200C2533C /* Build configuration list for PBXProject "MoneyTogether" */;
			compatibilityVersion = "Xcode 9.3";
			developmentRegion = en;
			hasScannedForEncodings = 0;
			knownRegions = (
				en,
				Base,
			);
			mainGroup = 20F5D24C224C199200C2533C;
			productRefGroup = 20F5D256224C199200C2533C /* Products */;
			projectDirPath = "";
			projectRoot = "";
			targets = (
				20F5D254224C199200C2533C /* MoneyTogether */,
			);
		};
/* End PBXProject section */

/* Begin PBXResourcesBuildPhase section */
		20F5D253224C199200C2533C /* Resources */ = {
			isa = PBXResourcesBuildPhase;
			buildActionMask = 2147483647;
			files = (
				DA449D64224C2E86006D61DF /* Montserrat-SemiBold.ttf in Resources */,
				DA449D60224C2E47006D61DF /* Montserrat-Regular.ttf in Resources */,
				20D604312273AAE600F4CC52 /* Profile.storyboard in Resources */,
				207B21322270E30E00E32B9B /* GoogleService-Info.plist in Resources */,
				DA449D62224C2E76006D61DF /* Montserrat-Medium.ttf in Resources */,
				20F5D263224C199400C2533C /* LaunchScreen.storyboard in Resources */,
				20F5D260224C199400C2533C /* Assets.xcassets in Resources */,
				20F5D25E224C199200C2533C /* Main.storyboard in Resources */,
				DA449D66224C2E97006D61DF /* Montserrat-Bold.ttf in Resources */,
				20133AE3225E98400063C33F /* OnBoarding.storyboard in Resources */,
			);
			runOnlyForDeploymentPostprocessing = 0;
		};
/* End PBXResourcesBuildPhase section */

/* Begin PBXShellScriptBuildPhase section */
		CA9B851085F89C43F7126F66 /* [CP] Check Pods Manifest.lock */ = {
			isa = PBXShellScriptBuildPhase;
			buildActionMask = 2147483647;
			files = (
			);
			inputFileListPaths = (
			);
			inputPaths = (
				"${PODS_PODFILE_DIR_PATH}/Podfile.lock",
				"${PODS_ROOT}/Manifest.lock",
			);
			name = "[CP] Check Pods Manifest.lock";
			outputFileListPaths = (
			);
			outputPaths = (
				"$(DERIVED_FILE_DIR)/Pods-MoneyTogether-checkManifestLockResult.txt",
			);
			runOnlyForDeploymentPostprocessing = 0;
			shellPath = /bin/sh;
			shellScript = "diff \"${PODS_PODFILE_DIR_PATH}/Podfile.lock\" \"${PODS_ROOT}/Manifest.lock\" > /dev/null\nif [ $? != 0 ] ; then\n    # print error to STDERR\n    echo \"error: The sandbox is not in sync with the Podfile.lock. Run 'pod install' or update your CocoaPods installation.\" >&2\n    exit 1\nfi\n# This output is used by Xcode 'outputs' to avoid re-running this script phase.\necho \"SUCCESS\" > \"${SCRIPT_OUTPUT_FILE_0}\"\n";
			showEnvVarsInLog = 0;
		};
		F437559208FAF0059D7648A5 /* [CP] Embed Pods Frameworks */ = {
			isa = PBXShellScriptBuildPhase;
			buildActionMask = 2147483647;
			files = (
			);
			inputFileListPaths = (
			);
			inputPaths = (
				"${PODS_ROOT}/Target Support Files/Pods-MoneyTogether/Pods-MoneyTogether-frameworks.sh",
				"${BUILT_PRODUCTS_DIR}/GTMSessionFetcher/GTMSessionFetcher.framework",
				"${BUILT_PRODUCTS_DIR}/GoogleUtilities/GoogleUtilities.framework",
				"${BUILT_PRODUCTS_DIR}/leveldb-library/leveldb.framework",
				"${BUILT_PRODUCTS_DIR}/nanopb/nanopb.framework",
			);
			name = "[CP] Embed Pods Frameworks";
			outputFileListPaths = (
			);
			outputPaths = (
				"${TARGET_BUILD_DIR}/${FRAMEWORKS_FOLDER_PATH}/GTMSessionFetcher.framework",
				"${TARGET_BUILD_DIR}/${FRAMEWORKS_FOLDER_PATH}/GoogleUtilities.framework",
				"${TARGET_BUILD_DIR}/${FRAMEWORKS_FOLDER_PATH}/leveldb.framework",
				"${TARGET_BUILD_DIR}/${FRAMEWORKS_FOLDER_PATH}/nanopb.framework",
			);
			runOnlyForDeploymentPostprocessing = 0;
			shellPath = /bin/sh;
			shellScript = "\"${PODS_ROOT}/Target Support Files/Pods-MoneyTogether/Pods-MoneyTogether-frameworks.sh\"\n";
			showEnvVarsInLog = 0;
		};
/* End PBXShellScriptBuildPhase section */

/* Begin PBXSourcesBuildPhase section */
		20F5D251224C199200C2533C /* Sources */ = {
			isa = PBXSourcesBuildPhase;
			buildActionMask = 2147483647;
			files = (
				20133AE5225E9C020063C33F /* RoundButton.swift in Sources */,
				B46C7D4A2273CA85003CC750 /* Loan.swift in Sources */,
				20F5D25B224C199200C2533C /* ViewController.swift in Sources */,
				207B21392270E7F800E32B9B /* UserManager.swift in Sources */,
				207B21392270E7F800E32B9B /* UserManager.swift in Sources */,
				B4382865227122D300B42F53 /* ActiveLoansController.swift in Sources */,
				B46C7D4C22751DC6003CC750 /* Payment.swift in Sources */,
				20F5D259224C199200C2533C /* AppDelegate.swift in Sources */,
				DA18B3782273B2BA00972354 /* SignInViewController.swift in Sources */,
				20F5D26B224C1F6900C2533C /* User.swift in Sources */,
				2098A3BA224C230C00293346 /* LoginViewController.swift in Sources */,
				B43828632271218500B42F53 /* CollectionViewCellActiveLoans.swift in Sources */,
				2098A3B8224C21C400293346 /* MainViewController.swift in Sources */,
				208053A5227239B10087B947 /* Card.swift in Sources */,
				20D604372273B11300F4CC52 /* AccountViewController.swift in Sources */,
				208053A7227242D00087B947 /* CardManager.swift in Sources */,
				207B213D227113EA00E32B9B /* DatabaseRepresentation.swift in Sources */,
				207B213F22711F0200E32B9B /* DatabaseReference.swift in Sources */,
			);
			runOnlyForDeploymentPostprocessing = 0;
		};
/* End PBXSourcesBuildPhase section */

/* Begin PBXVariantGroup section */
		20F5D25C224C199200C2533C /* Main.storyboard */ = {
			isa = PBXVariantGroup;
			children = (
				20F5D25D224C199200C2533C /* Base */,
			);
			name = Main.storyboard;
			sourceTree = "<group>";
		};
		20F5D261224C199400C2533C /* LaunchScreen.storyboard */ = {
			isa = PBXVariantGroup;
			children = (
				20F5D262224C199400C2533C /* Base */,
			);
			name = LaunchScreen.storyboard;
			sourceTree = "<group>";
		};
/* End PBXVariantGroup section */

/* Begin XCBuildConfiguration section */
		20F5D265224C199400C2533C /* Debug */ = {
			isa = XCBuildConfiguration;
			buildSettings = {
				ALWAYS_SEARCH_USER_PATHS = NO;
				CLANG_ANALYZER_NONNULL = YES;
				CLANG_ANALYZER_NUMBER_OBJECT_CONVERSION = YES_AGGRESSIVE;
				CLANG_CXX_LANGUAGE_STANDARD = "gnu++14";
				CLANG_CXX_LIBRARY = "libc++";
				CLANG_ENABLE_MODULES = YES;
				CLANG_ENABLE_OBJC_ARC = YES;
				CLANG_ENABLE_OBJC_WEAK = YES;
				CLANG_WARN_BLOCK_CAPTURE_AUTORELEASING = YES;
				CLANG_WARN_BOOL_CONVERSION = YES;
				CLANG_WARN_COMMA = YES;
				CLANG_WARN_CONSTANT_CONVERSION = YES;
				CLANG_WARN_DEPRECATED_OBJC_IMPLEMENTATIONS = YES;
				CLANG_WARN_DIRECT_OBJC_ISA_USAGE = YES_ERROR;
				CLANG_WARN_DOCUMENTATION_COMMENTS = YES;
				CLANG_WARN_EMPTY_BODY = YES;
				CLANG_WARN_ENUM_CONVERSION = YES;
				CLANG_WARN_INFINITE_RECURSION = YES;
				CLANG_WARN_INT_CONVERSION = YES;
				CLANG_WARN_NON_LITERAL_NULL_CONVERSION = YES;
				CLANG_WARN_OBJC_IMPLICIT_RETAIN_SELF = YES;
				CLANG_WARN_OBJC_LITERAL_CONVERSION = YES;
				CLANG_WARN_OBJC_ROOT_CLASS = YES_ERROR;
				CLANG_WARN_RANGE_LOOP_ANALYSIS = YES;
				CLANG_WARN_STRICT_PROTOTYPES = YES;
				CLANG_WARN_SUSPICIOUS_MOVE = YES;
				CLANG_WARN_UNGUARDED_AVAILABILITY = YES_AGGRESSIVE;
				CLANG_WARN_UNREACHABLE_CODE = YES;
				CLANG_WARN__DUPLICATE_METHOD_MATCH = YES;
				CODE_SIGN_IDENTITY = "iPhone Developer";
				COPY_PHASE_STRIP = NO;
				DEBUG_INFORMATION_FORMAT = dwarf;
				ENABLE_STRICT_OBJC_MSGSEND = YES;
				ENABLE_TESTABILITY = YES;
				GCC_C_LANGUAGE_STANDARD = gnu11;
				GCC_DYNAMIC_NO_PIC = NO;
				GCC_NO_COMMON_BLOCKS = YES;
				GCC_OPTIMIZATION_LEVEL = 0;
				GCC_PREPROCESSOR_DEFINITIONS = (
					"DEBUG=1",
					"$(inherited)",
				);
				GCC_WARN_64_TO_32_BIT_CONVERSION = YES;
				GCC_WARN_ABOUT_RETURN_TYPE = YES_ERROR;
				GCC_WARN_UNDECLARED_SELECTOR = YES;
				GCC_WARN_UNINITIALIZED_AUTOS = YES_AGGRESSIVE;
				GCC_WARN_UNUSED_FUNCTION = YES;
				GCC_WARN_UNUSED_VARIABLE = YES;
				IPHONEOS_DEPLOYMENT_TARGET = 12.1;
				MTL_ENABLE_DEBUG_INFO = INCLUDE_SOURCE;
				MTL_FAST_MATH = YES;
				ONLY_ACTIVE_ARCH = YES;
				SDKROOT = iphoneos;
				SWIFT_ACTIVE_COMPILATION_CONDITIONS = DEBUG;
				SWIFT_OPTIMIZATION_LEVEL = "-Onone";
			};
			name = Debug;
		};
		20F5D266224C199400C2533C /* Release */ = {
			isa = XCBuildConfiguration;
			buildSettings = {
				ALWAYS_SEARCH_USER_PATHS = NO;
				CLANG_ANALYZER_NONNULL = YES;
				CLANG_ANALYZER_NUMBER_OBJECT_CONVERSION = YES_AGGRESSIVE;
				CLANG_CXX_LANGUAGE_STANDARD = "gnu++14";
				CLANG_CXX_LIBRARY = "libc++";
				CLANG_ENABLE_MODULES = YES;
				CLANG_ENABLE_OBJC_ARC = YES;
				CLANG_ENABLE_OBJC_WEAK = YES;
				CLANG_WARN_BLOCK_CAPTURE_AUTORELEASING = YES;
				CLANG_WARN_BOOL_CONVERSION = YES;
				CLANG_WARN_COMMA = YES;
				CLANG_WARN_CONSTANT_CONVERSION = YES;
				CLANG_WARN_DEPRECATED_OBJC_IMPLEMENTATIONS = YES;
				CLANG_WARN_DIRECT_OBJC_ISA_USAGE = YES_ERROR;
				CLANG_WARN_DOCUMENTATION_COMMENTS = YES;
				CLANG_WARN_EMPTY_BODY = YES;
				CLANG_WARN_ENUM_CONVERSION = YES;
				CLANG_WARN_INFINITE_RECURSION = YES;
				CLANG_WARN_INT_CONVERSION = YES;
				CLANG_WARN_NON_LITERAL_NULL_CONVERSION = YES;
				CLANG_WARN_OBJC_IMPLICIT_RETAIN_SELF = YES;
				CLANG_WARN_OBJC_LITERAL_CONVERSION = YES;
				CLANG_WARN_OBJC_ROOT_CLASS = YES_ERROR;
				CLANG_WARN_RANGE_LOOP_ANALYSIS = YES;
				CLANG_WARN_STRICT_PROTOTYPES = YES;
				CLANG_WARN_SUSPICIOUS_MOVE = YES;
				CLANG_WARN_UNGUARDED_AVAILABILITY = YES_AGGRESSIVE;
				CLANG_WARN_UNREACHABLE_CODE = YES;
				CLANG_WARN__DUPLICATE_METHOD_MATCH = YES;
				CODE_SIGN_IDENTITY = "iPhone Developer";
				COPY_PHASE_STRIP = NO;
				DEBUG_INFORMATION_FORMAT = "dwarf-with-dsym";
				ENABLE_NS_ASSERTIONS = NO;
				ENABLE_STRICT_OBJC_MSGSEND = YES;
				GCC_C_LANGUAGE_STANDARD = gnu11;
				GCC_NO_COMMON_BLOCKS = YES;
				GCC_WARN_64_TO_32_BIT_CONVERSION = YES;
				GCC_WARN_ABOUT_RETURN_TYPE = YES_ERROR;
				GCC_WARN_UNDECLARED_SELECTOR = YES;
				GCC_WARN_UNINITIALIZED_AUTOS = YES_AGGRESSIVE;
				GCC_WARN_UNUSED_FUNCTION = YES;
				GCC_WARN_UNUSED_VARIABLE = YES;
				IPHONEOS_DEPLOYMENT_TARGET = 12.1;
				MTL_ENABLE_DEBUG_INFO = NO;
				MTL_FAST_MATH = YES;
				SDKROOT = iphoneos;
				SWIFT_COMPILATION_MODE = wholemodule;
				SWIFT_OPTIMIZATION_LEVEL = "-O";
				VALIDATE_PRODUCT = YES;
			};
			name = Release;
		};
		20F5D268224C199400C2533C /* Debug */ = {
			isa = XCBuildConfiguration;
			baseConfigurationReference = 3BBBFB1ACB6A21287E1139CC /* Pods-MoneyTogether.debug.xcconfig */;
			buildSettings = {
				ASSETCATALOG_COMPILER_APPICON_NAME = AppIcon;
				CODE_SIGN_STYLE = Automatic;
				DEVELOPMENT_TEAM = DWQVM22U2L;
				INFOPLIST_FILE = MoneyTogether/Info.plist;
				IPHONEOS_DEPLOYMENT_TARGET = 11.0;
				LD_RUNPATH_SEARCH_PATHS = (
					"$(inherited)",
					"@executable_path/Frameworks",
				);
				PRODUCT_BUNDLE_IDENTIFIER = com.pastdue.MoneyTogether;
				PRODUCT_NAME = "$(TARGET_NAME)";
				SWIFT_VERSION = 4.2;
				TARGETED_DEVICE_FAMILY = 1;
			};
			name = Debug;
		};
		20F5D269224C199400C2533C /* Release */ = {
			isa = XCBuildConfiguration;
			baseConfigurationReference = 38B671549435A84B060CA188 /* Pods-MoneyTogether.release.xcconfig */;
			buildSettings = {
				ASSETCATALOG_COMPILER_APPICON_NAME = AppIcon;
				CODE_SIGN_STYLE = Automatic;
				DEVELOPMENT_TEAM = DWQVM22U2L;
				INFOPLIST_FILE = MoneyTogether/Info.plist;
				IPHONEOS_DEPLOYMENT_TARGET = 11.0;
				LD_RUNPATH_SEARCH_PATHS = (
					"$(inherited)",
					"@executable_path/Frameworks",
				);
				PRODUCT_BUNDLE_IDENTIFIER = com.pastdue.MoneyTogether;
				PRODUCT_NAME = "$(TARGET_NAME)";
				SWIFT_VERSION = 4.2;
				TARGETED_DEVICE_FAMILY = 1;
			};
			name = Release;
		};
/* End XCBuildConfiguration section */

/* Begin XCConfigurationList section */
		20F5D250224C199200C2533C /* Build configuration list for PBXProject "MoneyTogether" */ = {
			isa = XCConfigurationList;
			buildConfigurations = (
				20F5D265224C199400C2533C /* Debug */,
				20F5D266224C199400C2533C /* Release */,
			);
			defaultConfigurationIsVisible = 0;
			defaultConfigurationName = Release;
		};
		20F5D267224C199400C2533C /* Build configuration list for PBXNativeTarget "MoneyTogether" */ = {
			isa = XCConfigurationList;
			buildConfigurations = (
				20F5D268224C199400C2533C /* Debug */,
				20F5D269224C199400C2533C /* Release */,
			);
			defaultConfigurationIsVisible = 0;
			defaultConfigurationName = Release;
		};
/* End XCConfigurationList section */
	};
	rootObject = 20F5D24D224C199200C2533C /* Project object */;
}
